
Microsoft Visual Studio Solution File, Format Version 12.00
# Visual Studio Version 16
VisualStudioVersion = 16.0.30413.136
MinimumVisualStudioVersion = 15.0.26124.0
Project("{9A19103F-16F7-4668-BE54-9A1E7A4F7556}") = "Sylvan.Data.CsvZip", "Sylvan.Data.CsvZip\Sylvan.Data.CsvZip.csproj", "{E1460B75-7CD0-4395-99BB-A1384F93DC7D}"
EndProject
Project("{FAE04EC0-301F-11D3-BF4B-00C04F79EFBC}") = "Sylvan.Data.CsvZip.Tests", "Sylvan.Data.CsvZip.Tests\Sylvan.Data.CsvZip.Tests.csproj", "{8C92CAF2-BDDC-4E48-8A72-960C8B8512DC}"
EndProject
Global
	GlobalSection(SolutionConfigurationPlatforms) = preSolution
		Debug|Any CPU = Debug|Any CPU
		Debug|x64 = Debug|x64
		Debug|x86 = Debug|x86
		Release|Any CPU = Release|Any CPU
		Release|x64 = Release|x64
		Release|x86 = Release|x86
	EndGlobalSection
	GlobalSection(ProjectConfigurationPlatforms) = postSolution
		{E1460B75-7CD0-4395-99BB-A1384F93DC7D}.Debug|Any CPU.ActiveCfg = Debug|Any CPU
		{E1460B75-7CD0-4395-99BB-A1384F93DC7D}.Debug|Any CPU.Build.0 = Debug|Any CPU
		{E1460B75-7CD0-4395-99BB-A1384F93DC7D}.Debug|x64.ActiveCfg = Debug|Any CPU
		{E1460B75-7CD0-4395-99BB-A1384F93DC7D}.Debug|x64.Build.0 = Debug|Any CPU
		{E1460B75-7CD0-4395-99BB-A1384F93DC7D}.Debug|x86.ActiveCfg = Debug|Any CPU
		{E1460B75-7CD0-4395-99BB-A1384F93DC7D}.Debug|x86.Build.0 = Debug|Any CPU
		{E1460B75-7CD0-4395-99BB-A1384F93DC7D}.Release|Any CPU.ActiveCfg = Release|Any CPU
		{E1460B75-7CD0-4395-99BB-A1384F93DC7D}.Release|Any CPU.Build.0 = Release|Any CPU
		{E1460B75-7CD0-4395-99BB-A1384F93DC7D}.Release|x64.ActiveCfg = Release|Any CPU
		{E1460B75-7CD0-4395-99BB-A1384F93DC7D}.Release|x64.Build.0 = Release|Any CPU
		{E1460B75-7CD0-4395-99BB-A1384F93DC7D}.Release|x86.ActiveCfg = Release|Any CPU
		{E1460B75-7CD0-4395-99BB-A1384F93DC7D}.Release|x86.Build.0 = Release|Any CPU
		{8C92CAF2-BDDC-4E48-8A72-960C8B8512DC}.Debug|Any CPU.ActiveCfg = Debug|Any CPU
		{8C92CAF2-BDDC-4E48-8A72-960C8B8512DC}.Debug|Any CPU.Build.0 = Debug|Any CPU
		{8C92CAF2-BDDC-4E48-8A72-960C8B8512DC}.Debug|x64.ActiveCfg = Debug|Any CPU
		{8C92CAF2-BDDC-4E48-8A72-960C8B8512DC}.Debug|x64.Build.0 = Debug|Any CPU
		{8C92CAF2-BDDC-4E48-8A72-960C8B8512DC}.Debug|x86.ActiveCfg = Debug|Any CPU
		{8C92CAF2-BDDC-4E48-8A72-960C8B8512DC}.Debug|x86.Build.0 = Debug|Any CPU
		{8C92CAF2-BDDC-4E48-8A72-960C8B8512DC}.Release|Any CPU.ActiveCfg = Release|Any CPU
		{8C92CAF2-BDDC-4E48-8A72-960C8B8512DC}.Release|Any CPU.Build.0 = Release|Any CPU
		{8C92CAF2-BDDC-4E48-8A72-960C8B8512DC}.Release|x64.ActiveCfg = Release|Any CPU
		{8C92CAF2-BDDC-4E48-8A72-960C8B8512DC}.Release|x64.Build.0 = Release|Any CPU
		{8C92CAF2-BDDC-4E48-8A72-960C8B8512DC}.Release|x86.ActiveCfg = Release|Any CPU
		{8C92CAF2-BDDC-4E48-8A72-960C8B8512DC}.Release|x86.Build.0 = Release|Any CPU
	EndGlobalSection
	GlobalSection(SolutionProperties) = preSolution
		HideSolutionNode = FALSE
	EndGlobalSection
	GlobalSection(ExtensibilityGlobals) = postSolution
		SolutionGuid = {DCCA9592-42A5-4169-B53C-AD612BDA2910}
	EndGlobalSection
EndGlobal
